{
	"name": "@bluehotdog/reworker",
	"version": "0.0.2",
	"lockfileVersion": 3,
	"requires": true,
	"packages": {
		"": {
			"name": "@bluehotdog/reworker",
			"version": "0.0.2",
			"license": "MIT",
			"devDependencies": {
				"rescript": "^12.0.0-beta.12"
			},
			"engines": {
				"node": ">=20.11.0"
			},
			"peerDependencies": {
				"rescript": "^12.0.0-beta.12"
			}
		},
		"node_modules/@rescript/darwin-arm64": {
			"version": "12.0.0-rc.1",
			"resolved": "https://registry.npmjs.org/@rescript/darwin-arm64/-/darwin-arm64-12.0.0-rc.1.tgz",
			"integrity": "sha512-dPasX7Zsq5bLQEzvLUekacSpgI2FF241a9XOUeoDXyRi8FUzWj2bPiWJt76q0RqEiBTQx6ufARlu9EyGK9Y9mA==",
			"cpu": [
				"arm64"
			],
			"dev": true,
			"optional": true,
			"os": [
				"darwin"
			],
			"engines": {
				"node": ">=20.11.0"
			}
		},
		"node_modules/@rescript/darwin-x64": {
			"version": "12.0.0-rc.1",
			"resolved": "https://registry.npmjs.org/@rescript/darwin-x64/-/darwin-x64-12.0.0-rc.1.tgz",
			"integrity": "sha512-XComWiZRE8FyUP7kc8Ez6dfqhAXkL1G/HCd2zx6xBKumZ4YdqX9hg6oHOES5KXZeCKzqIZjijcSy/yYHuuvtHQ==",
			"cpu": [
				"x64"
			],
			"dev": true,
			"optional": true,
			"os": [
				"darwin"
			],
			"engines": {
				"node": ">=20.11.0"
			}
		},
		"node_modules/@rescript/linux-arm64": {
			"version": "12.0.0-rc.1",
			"resolved": "https://registry.npmjs.org/@rescript/linux-arm64/-/linux-arm64-12.0.0-rc.1.tgz",
			"integrity": "sha512-Ryx25GIjQiyn0oC0c+lesoerMnXA/yIGc+fNCeXpdamqznGdO36zN08HsGjkXF1JwZmB5YZbMUhdNwYBI7dEPw==",
			"cpu": [
				"arm64"
			],
			"dev": true,
			"optional": true,
			"os": [
				"linux"
			],
			"engines": {
				"node": ">=20.11.0"
			}
		},
		"node_modules/@rescript/linux-x64": {
			"version": "12.0.0-rc.1",
			"resolved": "https://registry.npmjs.org/@rescript/linux-x64/-/linux-x64-12.0.0-rc.1.tgz",
			"integrity": "sha512-Uq5PTUn/EFFgeUB0uwt2MYVCQlKVoZjyTcQGK4J//0q0VK61VibDBaNiHEl05OIGB8Ny6jYxaZtlsZcMyzJYyg==",
			"cpu": [
				"x64"
			],
			"dev": true,
			"optional": true,
			"os": [
				"linux"
			],
			"engines": {
				"node": ">=20.11.0"
			}
		},
		"node_modules/@rescript/runtime": {
			"version": "12.0.0-rc.1",
			"resolved": "https://registry.npmjs.org/@rescript/runtime/-/runtime-12.0.0-rc.1.tgz",
			"integrity": "sha512-iDkU2Tx2pO+bDgSivGtFWzR0o2Kj9DXW5rP/+AvvPBp3SWWETMKtf0C2vXQE/Ft3GJHmf4n42/+W3ZlW1smXpQ==",
			"dev": true
		},
		"node_modules/@rescript/win32-x64": {
			"version": "12.0.0-rc.1",
			"resolved": "https://registry.npmjs.org/@rescript/win32-x64/-/win32-x64-12.0.0-rc.1.tgz",
			"integrity": "sha512-jRmAHNguPjuDZqfHZxYgsk/wlIDHTQYlc/IsrBj48htSRNtTvsO6sPsF1VHTmY7AJqDMoMi8VtrLZ+1da/T4TQ==",
			"cpu": [
				"x64"
			],
			"dev": true,
			"optional": true,
			"os": [
				"win32"
			],
			"engines": {
				"node": ">=20.11.0"
			}
		},
		"node_modules/rescript": {
			"version": "12.0.0-rc.1",
			"resolved": "https://registry.npmjs.org/rescript/-/rescript-12.0.0-rc.1.tgz",
			"integrity": "sha512-oNbnIx7uq/AUUe+hThdUivN4AhTY4F6UhggyrPloN+4q7AtZAoC/MH3qCK2fVoAYdgBkl1Zx0tq+KeSr78Lweg==",
			"dev": true,
			"license": "SEE LICENSE IN LICENSE",
			"workspaces": [
				"packages/playground",
				"packages/@rescript/*",
				"tests/dependencies/**",
				"tests/analysis_tests/**",
				"tests/docstring_tests",
				"tests/gentype_tests/**",
				"tests/tools_tests",
				"scripts/res"
			],
			"dependencies": {
				"@rescript/runtime": "12.0.0-rc.1"
			},
			"bin": {
				"bsc": "cli/bsc.js",
				"bstracing": "cli/bstracing.js",
				"rescript": "cli/rescript.js",
				"rescript-legacy": "cli/rescript-legacy.js",
				"rescript-tools": "cli/rescript-tools.js"
			},
			"engines": {
				"node": ">=20.11.0"
			},
			"optionalDependencies": {
				"@rescript/darwin-arm64": "12.0.0-rc.1",
				"@rescript/darwin-x64": "12.0.0-rc.1",
				"@rescript/linux-arm64": "12.0.0-rc.1",
				"@rescript/linux-x64": "12.0.0-rc.1",
				"@rescript/win32-x64": "12.0.0-rc.1"
			}
		}
	}
}
