{
	"name": "@bluehotdog/reworker",
	"version": "0.0.2",
	"lockfileVersion": 3,
	"requires": true,
	"packages": {
		"": {
			"name": "@bluehotdog/reworker",
			"version": "0.0.2",
			"license": "MIT",
			"devDependencies": {
				"rescript": "^12.0.0-beta.12"
			},
			"engines": {
				"node": ">=20.11.0"
			},
			"peerDependencies": {
				"rescript": "^12.0.0-beta.12"
			}
		},
		"node_modules/@rescript/darwin-arm64": {
			"version": "12.0.0-rc.3",
			"resolved": "https://registry.npmjs.org/@rescript/darwin-arm64/-/darwin-arm64-12.0.0-rc.3.tgz",
			"integrity": "sha512-d6OMJWnW8I9DgYPNw+9Gy72tOcgRqry+NkpVWYYU4+Ay/LAfCs1W+AWUmsKTlxwTe2JTLhXRX3HzrqXSQoC6tg==",
			"cpu": [
				"arm64"
			],
			"dev": true,
			"optional": true,
			"os": [
				"darwin"
			],
			"engines": {
				"node": ">=20.11.0"
			}
		},
		"node_modules/@rescript/darwin-x64": {
			"version": "12.0.0-rc.3",
			"resolved": "https://registry.npmjs.org/@rescript/darwin-x64/-/darwin-x64-12.0.0-rc.3.tgz",
			"integrity": "sha512-ualm4FZRztHaxY7YbEbSgNQwBPRPEsyn30/xHSkuCY2CV7W7808H29X33bqnDkQZ1XxmnG3z2bz9UoZcJJnf6A==",
			"cpu": [
				"x64"
			],
			"dev": true,
			"optional": true,
			"os": [
				"darwin"
			],
			"engines": {
				"node": ">=20.11.0"
			}
		},
		"node_modules/@rescript/linux-arm64": {
			"version": "12.0.0-rc.3",
			"resolved": "https://registry.npmjs.org/@rescript/linux-arm64/-/linux-arm64-12.0.0-rc.3.tgz",
			"integrity": "sha512-StPyP+KHY1k2CQrVLV52VnQvgeQIKz8woEYB0JRL4LtYDb6g6jVj9aXiq6ZWyVo9vxas1zSCzCvzrXubIsgkmg==",
			"cpu": [
				"arm64"
			],
			"dev": true,
			"optional": true,
			"os": [
				"linux"
			],
			"engines": {
				"node": ">=20.11.0"
			}
		},
		"node_modules/@rescript/linux-x64": {
			"version": "12.0.0-rc.3",
			"resolved": "https://registry.npmjs.org/@rescript/linux-x64/-/linux-x64-12.0.0-rc.3.tgz",
			"integrity": "sha512-HB9K4huyr8zCET5BnUJQgskMpiJXERFc7P2mO0vDgMKgmDEmEeOVTUfFiO9aqCwFP/ujGFsWb47SEUxTmHOCcA==",
			"cpu": [
				"x64"
			],
			"dev": true,
			"optional": true,
			"os": [
				"linux"
			],
			"engines": {
				"node": ">=20.11.0"
			}
		},
		"node_modules/@rescript/runtime": {
			"version": "12.0.0-rc.3",
			"resolved": "https://registry.npmjs.org/@rescript/runtime/-/runtime-12.0.0-rc.3.tgz",
			"integrity": "sha512-Ihdnppw7A+ArLwfnLPcz04jh6ZaKADo0Rc6vMHYQ2+Dw+snO5VbxJ2As5ahVt9nUVL56w1k9pWgrIoLtb1eHcA==",
			"dev": true
		},
		"node_modules/@rescript/win32-x64": {
			"version": "12.0.0-rc.3",
			"resolved": "https://registry.npmjs.org/@rescript/win32-x64/-/win32-x64-12.0.0-rc.3.tgz",
			"integrity": "sha512-Eyy61o6Wk3Cgiy/99zFCzxumL1WHOGEdbxU+ksqghuD3s2RgBWBobSygf3nhcoNBibXI0Fhpu+XXXoTOsTiQ9w==",
			"cpu": [
				"x64"
			],
			"dev": true,
			"optional": true,
			"os": [
				"win32"
			],
			"engines": {
				"node": ">=20.11.0"
			}
		},
		"node_modules/rescript": {
			"version": "12.0.0-rc.3",
			"resolved": "https://registry.npmjs.org/rescript/-/rescript-12.0.0-rc.3.tgz",
			"integrity": "sha512-8EOLvO6p5MxpprqpN4tbblfk6uJbz2Q5g/VHA7ii7TJu98JFNLehRjPNHhlEk2G4Lx+PZraSnGudTxBVmyLNoQ==",
			"dev": true,
			"license": "SEE LICENSE IN LICENSE",
			"workspaces": [
				"packages/playground",
				"packages/@rescript/*",
				"tests/dependencies/**",
				"tests/analysis_tests/**",
				"tests/docstring_tests",
				"tests/gentype_tests/**",
				"tests/tools_tests",
				"scripts/res"
			],
			"dependencies": {
				"@rescript/runtime": "12.0.0-rc.3"
			},
			"bin": {
				"bsc": "cli/bsc.js",
				"bstracing": "cli/bstracing.js",
				"rescript": "cli/rescript.js",
				"rescript-legacy": "cli/rescript-legacy.js",
				"rescript-tools": "cli/rescript-tools.js"
			},
			"engines": {
				"node": ">=20.11.0"
			},
			"optionalDependencies": {
				"@rescript/darwin-arm64": "12.0.0-rc.3",
				"@rescript/darwin-x64": "12.0.0-rc.3",
				"@rescript/linux-arm64": "12.0.0-rc.3",
				"@rescript/linux-x64": "12.0.0-rc.3",
				"@rescript/win32-x64": "12.0.0-rc.3"
			}
		}
	}
}
