{
	"name": "@bluehotdog/reworker",
	"version": "0.0.2",
	"lockfileVersion": 3,
	"requires": true,
	"packages": {
		"": {
			"name": "@bluehotdog/reworker",
			"version": "0.0.2",
			"license": "MIT",
			"devDependencies": {
				"rescript": "^12.0.0-beta.12"
			},
			"engines": {
				"node": ">=20.11.0"
			},
			"peerDependencies": {
				"rescript": "^12.0.0-beta.12"
			}
		},
		"node_modules/@rescript/darwin-arm64": {
			"version": "12.0.0-beta.13",
			"resolved": "https://registry.npmjs.org/@rescript/darwin-arm64/-/darwin-arm64-12.0.0-beta.13.tgz",
			"integrity": "sha512-2cT13ELxFsnbEL3H9tzjOu5qzMbXrkxtb+RYgotVJyLdbQxlqPNqGhuZFT8QjZ86jpZgjZV29MKjjuh7JoXjmA==",
			"cpu": [
				"arm64"
			],
			"dev": true,
			"optional": true,
			"os": [
				"darwin"
			],
			"engines": {
				"node": ">=20.11.0"
			}
		},
		"node_modules/@rescript/darwin-x64": {
			"version": "12.0.0-beta.13",
			"resolved": "https://registry.npmjs.org/@rescript/darwin-x64/-/darwin-x64-12.0.0-beta.13.tgz",
			"integrity": "sha512-m/LqChC+11WIgPLTjtAbuhHzQjZ0yBN2/1px8uoACb0FQbGMznKPDZ39evBSa6dXcIKNXYEhmLLNTbeYJ5tlAQ==",
			"cpu": [
				"x64"
			],
			"dev": true,
			"optional": true,
			"os": [
				"darwin"
			],
			"engines": {
				"node": ">=20.11.0"
			}
		},
		"node_modules/@rescript/linux-arm64": {
			"version": "12.0.0-beta.13",
			"resolved": "https://registry.npmjs.org/@rescript/linux-arm64/-/linux-arm64-12.0.0-beta.13.tgz",
			"integrity": "sha512-LkXO1VqrphChZLeNCVOrIIk/tknh0GN6nbbwjmUU5381bmDde0WR81rKFA7/pR9W6hJT0J8/aZ2IaMuVQcFCww==",
			"cpu": [
				"arm64"
			],
			"dev": true,
			"optional": true,
			"os": [
				"linux"
			],
			"engines": {
				"node": ">=20.11.0"
			}
		},
		"node_modules/@rescript/linux-x64": {
			"version": "12.0.0-beta.13",
			"resolved": "https://registry.npmjs.org/@rescript/linux-x64/-/linux-x64-12.0.0-beta.13.tgz",
			"integrity": "sha512-IIBuRvQjRuLCvmmYbCv+uKxTPhu9a8TFR0vbIGpRMjF8HWrkWjTGB5Lq24dcFYyp+bdd2csWFedGpbk1nXm1+A==",
			"cpu": [
				"x64"
			],
			"dev": true,
			"optional": true,
			"os": [
				"linux"
			],
			"engines": {
				"node": ">=20.11.0"
			}
		},
		"node_modules/@rescript/runtime": {
			"version": "12.0.0-beta.13",
			"resolved": "https://registry.npmjs.org/@rescript/runtime/-/runtime-12.0.0-beta.13.tgz",
			"integrity": "sha512-PFwOsh9erOM6fn6Bo+3ewSqIyr1UOsRkOXJPo0IwO8hh1JoaBgtQDyjJqd7C2i1v7HvpW5JRjWebOezyFievEA==",
			"dev": true
		},
		"node_modules/@rescript/win32-x64": {
			"version": "12.0.0-beta.13",
			"resolved": "https://registry.npmjs.org/@rescript/win32-x64/-/win32-x64-12.0.0-beta.13.tgz",
			"integrity": "sha512-GYFyWNvabQf4F2wKcIPsvqxLJVefR73Eu9YnjGCGjgDPURLiD5tjHESCgUd6w5CKeA/DZFoPDtWTEmf0+9sbGw==",
			"cpu": [
				"x64"
			],
			"dev": true,
			"optional": true,
			"os": [
				"win32"
			],
			"engines": {
				"node": ">=20.11.0"
			}
		},
		"node_modules/rescript": {
			"version": "12.0.0-beta.13",
			"resolved": "https://registry.npmjs.org/rescript/-/rescript-12.0.0-beta.13.tgz",
			"integrity": "sha512-il1KAB0PVEs3y/IiE6CnxFUMakv5VXTXT60wGVcGjNaY4Gj5d1G1uePWCc7UtpjRwYjF9OQFMyN/MzLkRuo6CA==",
			"dev": true,
			"license": "SEE LICENSE IN LICENSE",
			"workspaces": [
				"packages/playground",
				"packages/@rescript/*",
				"tests/dependencies/**",
				"tests/analysis_tests/**",
				"tests/docstring_tests",
				"tests/gentype_tests/**",
				"tests/tools_tests",
				"scripts/res"
			],
			"dependencies": {
				"@rescript/runtime": "12.0.0-beta.13"
			},
			"bin": {
				"bsc": "cli/bsc.js",
				"bstracing": "cli/bstracing.js",
				"rescript": "cli/rescript.js",
				"rescript-legacy": "cli/rescript-legacy.js",
				"rescript-tools": "cli/rescript-tools.js"
			},
			"engines": {
				"node": ">=20.11.0"
			},
			"optionalDependencies": {
				"@rescript/darwin-arm64": "12.0.0-beta.13",
				"@rescript/darwin-x64": "12.0.0-beta.13",
				"@rescript/linux-arm64": "12.0.0-beta.13",
				"@rescript/linux-x64": "12.0.0-beta.13",
				"@rescript/win32-x64": "12.0.0-beta.13"
			}
		}
	}
}
